{
  "requires": true,
  "lockfileVersion": 1,
  "dependencies": {
    "https-pem": {
      "version": "2.0.0",
      "resolved": "https://registry.npmjs.org/https-pem/-/https-pem-2.0.0.tgz",
      "integrity": "sha512-EeJkZ9hIi1l5aQBDSBzxgES7Z748mNOf3cbN48j/lzq4vZhinqNtM1kyaw0orPaxHfJTBvy/oZbJkhsxg1UHCg==",
      "requires": {
        "selfsigned": "^1.10.1"
      }
    },
    "node-forge": {
      "version": "0.7.5",
      "resolved": "https://registry.npmjs.org/node-forge/-/node-forge-0.7.5.tgz",
      "integrity": "sha512-MmbQJ2MTESTjt3Gi/3yG1wGpIMhUfcIypUCGtTizFR9IiccFwxSpfp0vtIZlkFclEqERemxfnSdZEMR9VqqEFQ=="
    },
    "selfsigned": {
      "version": "1.10.4",
      "resolved": "https://registry.npmjs.org/selfsigned/-/selfsigned-1.10.4.tgz",
      "integrity": "sha512-9AukTiDmHXGXWtWjembZ5NDmVvP2695EtpgbCsxCa68w3c88B+alqbmZ4O3hZ4VWGXeGWzEVdvqgAJD8DQPCDw==",
      "requires": {
        "node-forge": "0.7.5"
      }
    }
  }
}
